
Microsoft Visual Studio Solution File, Format Version 12.00
# Visual Studio 15
VisualStudioVersion = 15.0.28307.902
MinimumVisualStudioVersion = 10.0.40219.1
Project("{FAE04EC0-301F-11D3-BF4B-00C04F79EFBC}") = "AlenaSheshotovaExam", "AlenaSheshotovaExam\AlenaSheshotovaExam.csproj", "{101A1B34-23F2-402E-B3B6-8F4737FF3044}"
EndProject
Project("{FAE04EC0-301F-11D3-BF4B-00C04F79EFBC}") = "UnitTestProject1", "UnitTestProject1\UnitTestProject1.csproj", "{1407A0D5-DD56-44DA-BF41-C391F7BBFF2B}"
EndProject
Global
	GlobalSection(SolutionConfigurationPlatforms) = preSolution
		Debug|Any CPU = Debug|Any CPU
		Debug|ARM = Debug|ARM
		Debug|ARM64 = Debug|ARM64
		Debug|x64 = Debug|x64
		Debug|x86 = Debug|x86
		Release|Any CPU = Release|Any CPU
		Release|ARM = Release|ARM
		Release|ARM64 = Release|ARM64
		Release|x64 = Release|x64
		Release|x86 = Release|x86
	EndGlobalSection
	GlobalSection(ProjectConfigurationPlatforms) = postSolution
		{101A1B34-23F2-402E-B3B6-8F4737FF3044}.Debug|Any CPU.ActiveCfg = Debug|Any CPU
		{101A1B34-23F2-402E-B3B6-8F4737FF3044}.Debug|Any CPU.Build.0 = Debug|Any CPU
		{101A1B34-23F2-402E-B3B6-8F4737FF3044}.Debug|ARM.ActiveCfg = Debug|Any CPU
		{101A1B34-23F2-402E-B3B6-8F4737FF3044}.Debug|ARM.Build.0 = Debug|Any CPU
		{101A1B34-23F2-402E-B3B6-8F4737FF3044}.Debug|ARM64.ActiveCfg = Debug|Any CPU
		{101A1B34-23F2-402E-B3B6-8F4737FF3044}.Debug|ARM64.Build.0 = Debug|Any CPU
		{101A1B34-23F2-402E-B3B6-8F4737FF3044}.Debug|x64.ActiveCfg = Debug|Any CPU
		{101A1B34-23F2-402E-B3B6-8F4737FF3044}.Debug|x64.Build.0 = Debug|Any CPU
		{101A1B34-23F2-402E-B3B6-8F4737FF3044}.Debug|x86.ActiveCfg = Debug|Any CPU
		{101A1B34-23F2-402E-B3B6-8F4737FF3044}.Debug|x86.Build.0 = Debug|Any CPU
		{101A1B34-23F2-402E-B3B6-8F4737FF3044}.Release|Any CPU.ActiveCfg = Release|Any CPU
		{101A1B34-23F2-402E-B3B6-8F4737FF3044}.Release|Any CPU.Build.0 = Release|Any CPU
		{101A1B34-23F2-402E-B3B6-8F4737FF3044}.Release|ARM.ActiveCfg = Release|Any CPU
		{101A1B34-23F2-402E-B3B6-8F4737FF3044}.Release|ARM.Build.0 = Release|Any CPU
		{101A1B34-23F2-402E-B3B6-8F4737FF3044}.Release|ARM64.ActiveCfg = Release|Any CPU
		{101A1B34-23F2-402E-B3B6-8F4737FF3044}.Release|ARM64.Build.0 = Release|Any CPU
		{101A1B34-23F2-402E-B3B6-8F4737FF3044}.Release|x64.ActiveCfg = Release|Any CPU
		{101A1B34-23F2-402E-B3B6-8F4737FF3044}.Release|x64.Build.0 = Release|Any CPU
		{101A1B34-23F2-402E-B3B6-8F4737FF3044}.Release|x86.ActiveCfg = Release|Any CPU
		{101A1B34-23F2-402E-B3B6-8F4737FF3044}.Release|x86.Build.0 = Release|Any CPU
		{1407A0D5-DD56-44DA-BF41-C391F7BBFF2B}.Debug|Any CPU.ActiveCfg = Debug|Any CPU
		{1407A0D5-DD56-44DA-BF41-C391F7BBFF2B}.Debug|Any CPU.Build.0 = Debug|Any CPU
		{1407A0D5-DD56-44DA-BF41-C391F7BBFF2B}.Debug|ARM.ActiveCfg = Debug|Any CPU
		{1407A0D5-DD56-44DA-BF41-C391F7BBFF2B}.Debug|ARM.Build.0 = Debug|Any CPU
		{1407A0D5-DD56-44DA-BF41-C391F7BBFF2B}.Debug|ARM64.ActiveCfg = Debug|Any CPU
		{1407A0D5-DD56-44DA-BF41-C391F7BBFF2B}.Debug|ARM64.Build.0 = Debug|Any CPU
		{1407A0D5-DD56-44DA-BF41-C391F7BBFF2B}.Debug|x64.ActiveCfg = Debug|Any CPU
		{1407A0D5-DD56-44DA-BF41-C391F7BBFF2B}.Debug|x64.Build.0 = Debug|Any CPU
		{1407A0D5-DD56-44DA-BF41-C391F7BBFF2B}.Debug|x86.ActiveCfg = Debug|Any CPU
		{1407A0D5-DD56-44DA-BF41-C391F7BBFF2B}.Debug|x86.Build.0 = Debug|Any CPU
		{1407A0D5-DD56-44DA-BF41-C391F7BBFF2B}.Release|Any CPU.ActiveCfg = Release|Any CPU
		{1407A0D5-DD56-44DA-BF41-C391F7BBFF2B}.Release|Any CPU.Build.0 = Release|Any CPU
		{1407A0D5-DD56-44DA-BF41-C391F7BBFF2B}.Release|ARM.ActiveCfg = Release|Any CPU
		{1407A0D5-DD56-44DA-BF41-C391F7BBFF2B}.Release|ARM.Build.0 = Release|Any CPU
		{1407A0D5-DD56-44DA-BF41-C391F7BBFF2B}.Release|ARM64.ActiveCfg = Release|Any CPU
		{1407A0D5-DD56-44DA-BF41-C391F7BBFF2B}.Release|ARM64.Build.0 = Release|Any CPU
		{1407A0D5-DD56-44DA-BF41-C391F7BBFF2B}.Release|x64.ActiveCfg = Release|Any CPU
		{1407A0D5-DD56-44DA-BF41-C391F7BBFF2B}.Release|x64.Build.0 = Release|Any CPU
		{1407A0D5-DD56-44DA-BF41-C391F7BBFF2B}.Release|x86.ActiveCfg = Release|Any CPU
		{1407A0D5-DD56-44DA-BF41-C391F7BBFF2B}.Release|x86.Build.0 = Release|Any CPU
	EndGlobalSection
	GlobalSection(SolutionProperties) = preSolution
		HideSolutionNode = FALSE
	EndGlobalSection
	GlobalSection(ExtensibilityGlobals) = postSolution
		SolutionGuid = {DCB03EF1-0343-4C09-BBBB-F70816032183}
	EndGlobalSection
EndGlobal
